// !$*UTF8*$!
{
	archiveVersion = 1;
	classes = {
	};
	objectVersion = 46;
	objects = {

/* Begin PBXBuildFile section */
		6C261D94200E205900AA9691 /* AppDelegate.swift in Sources */ = {isa = PBXBuildFile; fileRef = 6C261D93200E205900AA9691 /* AppDelegate.swift */; };
		6C261D96200E205900AA9691 /* ViewController.swift in Sources */ = {isa = PBXBuildFile; fileRef = 6C261D95200E205900AA9691 /* ViewController.swift */; };
		6C261D99200E205900AA9691 /* Main.storyboard in Resources */ = {isa = PBXBuildFile; fileRef = 6C261D97200E205900AA9691 /* Main.storyboard */; };
		6C261D9B200E205900AA9691 /* Assets.xcassets in Resources */ = {isa = PBXBuildFile; fileRef = 6C261D9A200E205900AA9691 /* Assets.xcassets */; };
		6C261D9E200E205900AA9691 /* LaunchScreen.storyboard in Resources */ = {isa = PBXBuildFile; fileRef = 6C261D9C200E205900AA9691 /* LaunchScreen.storyboard */; };
		6C261DA9200E205900AA9691 /* SwiftDemo2Tests.swift in Sources */ = {isa = PBXBuildFile; fileRef = 6C261DA8200E205900AA9691 /* SwiftDemo2Tests.swift */; };
		6C261DB4200E205900AA9691 /* SwiftDemo2UITests.swift in Sources */ = {isa = PBXBuildFile; fileRef = 6C261DB3200E205900AA9691 /* SwiftDemo2UITests.swift */; };
		6C261DC2200E208700AA9691 /* Tweet.swift in Sources */ = {isa = PBXBuildFile; fileRef = 6C261DC1200E208700AA9691 /* Tweet.swift */; };
		6C261DC8200E212E00AA9691 /* Helper.swift in Sources */ = {isa = PBXBuildFile; fileRef = 6C261DC7200E212D00AA9691 /* Helper.swift */; };
/* End PBXBuildFile section */

/* Begin PBXContainerItemProxy section */
		6C261DA5200E205900AA9691 /* PBXContainerItemProxy */ = {
			isa = PBXContainerItemProxy;
			containerPortal = 6C261D88200E205900AA9691 /* Project object */;
			proxyType = 1;
			remoteGlobalIDString = 6C261D8F200E205900AA9691;
			remoteInfo = SwiftDemo2;
		};
		6C261DB0200E205900AA9691 /* PBXContainerItemProxy */ = {
			isa = PBXContainerItemProxy;
			containerPortal = 6C261D88200E205900AA9691 /* Project object */;
			proxyType = 1;
			remoteGlobalIDString = 6C261D8F200E205900AA9691;
			remoteInfo = SwiftDemo2;
		};
/* End PBXContainerItemProxy section */

/* Begin PBXFileReference section */
		6C261D90200E205900AA9691 /* SwiftDemo2.app */ = {isa = PBXFileReference; explicitFileType = wrapper.application; includeInIndex = 0; path = SwiftDemo2.app; sourceTree = BUILT_PRODUCTS_DIR; };
		6C261D93200E205900AA9691 /* AppDelegate.swift */ = {isa = PBXFileReference; lastKnownFileType = sourcecode.swift; path = AppDelegate.swift; sourceTree = "<group>"; };
		6C261D95200E205900AA9691 /* ViewController.swift */ = {isa = PBXFileReference; lastKnownFileType = sourcecode.swift; path = ViewController.swift; sourceTree = "<group>"; };
		6C261D98200E205900AA9691 /* Base */ = {isa = PBXFileReference; lastKnownFileType = file.storyboard; name = Base; path = Base.lproj/Main.storyboard; sourceTree = "<group>"; };
		6C261D9A200E205900AA9691 /* Assets.xcassets */ = {isa = PBXFileReference; lastKnownFileType = folder.assetcatalog; path = Assets.xcassets; sourceTree = "<group>"; };
		6C261D9D200E205900AA9691 /* Base */ = {isa = PBXFileReference; lastKnownFileType = file.storyboard; name = Base; path = Base.lproj/LaunchScreen.storyboard; sourceTree = "<group>"; };
		6C261D9F200E205900AA9691 /* Info.plist */ = {isa = PBXFileReference; lastKnownFileType = text.plist.xml; path = Info.plist; sourceTree = "<group>"; };
		6C261DA4200E205900AA9691 /* SwiftDemo2Tests.xctest */ = {isa = PBXFileReference; explicitFileType = wrapper.cfbundle; includeInIndex = 0; path = SwiftDemo2Tests.xctest; sourceTree = BUILT_PRODUCTS_DIR; };
		6C261DA8200E205900AA9691 /* SwiftDemo2Tests.swift */ = {isa = PBXFileReference; lastKnownFileType = sourcecode.swift; path = SwiftDemo2Tests.swift; sourceTree = "<group>"; };
		6C261DAA200E205900AA9691 /* Info.plist */ = {isa = PBXFileReference; lastKnownFileType = text.plist.xml; path = Info.plist; sourceTree = "<group>"; };
		6C261DAF200E205900AA9691 /* SwiftDemo2UITests.xctest */ = {isa = PBXFileReference; explicitFileType = wrapper.cfbundle; includeInIndex = 0; path = SwiftDemo2UITests.xctest; sourceTree = BUILT_PRODUCTS_DIR; };
		6C261DB3200E205900AA9691 /* SwiftDemo2UITests.swift */ = {isa = PBXFileReference; lastKnownFileType = sourcecode.swift; path = SwiftDemo2UITests.swift; sourceTree = "<group>"; };
		6C261DB5200E205900AA9691 /* Info.plist */ = {isa = PBXFileReference; lastKnownFileType = text.plist.xml; path = Info.plist; sourceTree = "<group>"; };
		6C261DC1200E208700AA9691 /* Tweet.swift */ = {isa = PBXFileReference; fileEncoding = 4; lastKnownFileType = sourcecode.swift; path = Tweet.swift; sourceTree = "<group>"; };
		6C261DC7200E212D00AA9691 /* Helper.swift */ = {isa = PBXFileReference; fileEncoding = 4; lastKnownFileType = sourcecode.swift; path = Helper.swift; sourceTree = "<group>"; };
/* End PBXFileReference section */

/* Begin PBXFrameworksBuildPhase section */
		6C261D8D200E205900AA9691 /* Frameworks */ = {
			isa = PBXFrameworksBuildPhase;
			buildActionMask = 2147483647;
			files = (
			);
			runOnlyForDeploymentPostprocessing = 0;
		};
		6C261DA1200E205900AA9691 /* Frameworks */ = {
			isa = PBXFrameworksBuildPhase;
			buildActionMask = 2147483647;
			files = (
			);
			runOnlyForDeploymentPostprocessing = 0;
		};
		6C261DAC200E205900AA9691 /* Frameworks */ = {
			isa = PBXFrameworksBuildPhase;
			buildActionMask = 2147483647;
			files = (
			);
			runOnlyForDeploymentPostprocessing = 0;
		};
/* End PBXFrameworksBuildPhase section */

/* Begin PBXGroup section */
		6C261D87200E205900AA9691 = {
			isa = PBXGroup;
			children = (
				6C261D92200E205900AA9691 /* SwiftDemo2 */,
				6C261DA7200E205900AA9691 /* SwiftDemo2Tests */,
				6C261DB2200E205900AA9691 /* SwiftDemo2UITests */,
				6C261D91200E205900AA9691 /* Products */,
			);
			sourceTree = "<group>";
		};
		6C261D91200E205900AA9691 /* Products */ = {
			isa = PBXGroup;
			children = (
				6C261D90200E205900AA9691 /* SwiftDemo2.app */,
				6C261DA4200E205900AA9691 /* SwiftDemo2Tests.xctest */,
				6C261DAF200E205900AA9691 /* SwiftDemo2UITests.xctest */,
			);
			name = Products;
			sourceTree = "<group>";
		};
		6C261D92200E205900AA9691 /* SwiftDemo2 */ = {
			isa = PBXGroup;
			children = (
				6C261D93200E205900AA9691 /* AppDelegate.swift */,
				6C261D95200E205900AA9691 /* ViewController.swift */,
				6C261DC1200E208700AA9691 /* Tweet.swift */,
				6C261DC7200E212D00AA9691 /* Helper.swift */,
				6C261D97200E205900AA9691 /* Main.storyboard */,
				6C261D9A200E205900AA9691 /* Assets.xcassets */,
				6C261D9C200E205900AA9691 /* LaunchScreen.storyboard */,
				6C261D9F200E205900AA9691 /* Info.plist */,
			);
			path = SwiftDemo2;
			sourceTree = "<group>";
		};
		6C261DA7200E205900AA9691 /* SwiftDemo2Tests */ = {
			isa = PBXGroup;
			children = (
				6C261DA8200E205900AA9691 /* SwiftDemo2Tests.swift */,
				6C261DAA200E205900AA9691 /* Info.plist */,
			);
			path = SwiftDemo2Tests;
			sourceTree = "<group>";
		};
		6C261DB2200E205900AA9691 /* SwiftDemo2UITests */ = {
			isa = PBXGroup;
			children = (
				6C261DB3200E205900AA9691 /* SwiftDemo2UITests.swift */,
				6C261DB5200E205900AA9691 /* Info.plist */,
			);
			path = SwiftDemo2UITests;
			sourceTree = "<group>";
		};
/* End PBXGroup section */

/* Begin PBXNativeTarget section */
		6C261D8F200E205900AA9691 /* SwiftDemo2 */ = {
			isa = PBXNativeTarget;
			buildConfigurationList = 6C261DB8200E205900AA9691 /* Build configuration list for PBXNativeTarget "SwiftDemo2" */;
			buildPhases = (
				6C261D8C200E205900AA9691 /* Sources */,
				6C261D8D200E205900AA9691 /* Frameworks */,
				6C261D8E200E205900AA9691 /* Resources */,
			);
			buildRules = (
			);
			dependencies = (
			);
			name = SwiftDemo2;
			productName = SwiftDemo2;
			productReference = 6C261D90200E205900AA9691 /* SwiftDemo2.app */;
			productType = "com.apple.product-type.application";
		};
		6C261DA3200E205900AA9691 /* SwiftDemo2Tests */ = {
			isa = PBXNativeTarget;
			buildConfigurationList = 6C261DBB200E205900AA9691 /* Build configuration list for PBXNativeTarget "SwiftDemo2Tests" */;
			buildPhases = (
				6C261DA0200E205900AA9691 /* Sources */,
				6C261DA1200E205900AA9691 /* Frameworks */,
				6C261DA2200E205900AA9691 /* Resources */,
			);
			buildRules = (
			);
			dependencies = (
				6C261DA6200E205900AA9691 /* PBXTargetDependency */,
			);
			name = SwiftDemo2Tests;
			productName = SwiftDemo2Tests;
			productReference = 6C261DA4200E205900AA9691 /* SwiftDemo2Tests.xctest */;
			productType = "com.apple.product-type.bundle.unit-test";
		};
		6C261DAE200E205900AA9691 /* SwiftDemo2UITests */ = {
			isa = PBXNativeTarget;
			buildConfigurationList = 6C261DBE200E205900AA9691 /* Build configuration list for PBXNativeTarget "SwiftDemo2UITests" */;
			buildPhases = (
				6C261DAB200E205900AA9691 /* Sources */,
				6C261DAC200E205900AA9691 /* Frameworks */,
				6C261DAD200E205900AA9691 /* Resources */,
			);
			buildRules = (
			);
			dependencies = (
				6C261DB1200E205900AA9691 /* PBXTargetDependency */,
			);
			name = SwiftDemo2UITests;
			productName = SwiftDemo2UITests;
			productReference = 6C261DAF200E205900AA9691 /* SwiftDemo2UITests.xctest */;
			productType = "com.apple.product-type.bundle.ui-testing";
		};
/* End PBXNativeTarget section */

/* Begin PBXProject section */
		6C261D88200E205900AA9691 /* Project object */ = {
			isa = PBXProject;
			attributes = {
				LastSwiftUpdateCheck = 0830;
				LastUpgradeCheck = 0830;
				ORGANIZATIONNAME = zhb;
				TargetAttributes = {
					6C261D8F200E205900AA9691 = {
						CreatedOnToolsVersion = 8.3.3;
						DevelopmentTeam = FUM9FP898F;
						ProvisioningStyle = Automatic;
					};
					6C261DA3200E205900AA9691 = {
						CreatedOnToolsVersion = 8.3.3;
						ProvisioningStyle = Automatic;
						TestTargetID = 6C261D8F200E205900AA9691;
					};
					6C261DAE200E205900AA9691 = {
						CreatedOnToolsVersion = 8.3.3;
						ProvisioningStyle = Automatic;
						TestTargetID = 6C261D8F200E205900AA9691;
					};
				};
			};
			buildConfigurationList = 6C261D8B200E205900AA9691 /* Build configuration list for PBXProject "SwiftDemo2" */;
			compatibilityVersion = "Xcode 3.2";
			developmentRegion = English;
			hasScannedForEncodings = 0;
			knownRegions = (
				en,
				Base,
			);
			mainGroup = 6C261D87200E205900AA9691;
			productRefGroup = 6C261D91200E205900AA9691 /* Products */;
			projectDirPath = "";
			projectRoot = "";
			targets = (
				6C261D8F200E205900AA9691 /* SwiftDemo2 */,
				6C261DA3200E205900AA9691 /* SwiftDemo2Tests */,
				6C261DAE200E205900AA9691 /* SwiftDemo2UITests */,
			);
		};
/* End PBXProject section */

/* Begin PBXResourcesBuildPhase section */
		6C261D8E200E205900AA9691 /* Resources */ = {
			isa = PBXResourcesBuildPhase;
			buildActionMask = 2147483647;
			files = (
				6C261D9E200E205900AA9691 /* LaunchScreen.storyboard in Resources */,
				6C261D9B200E205900AA9691 /* Assets.xcassets in Resources */,
				6C261D99200E205900AA9691 /* Main.storyboard in Resources */,
			);
			runOnlyForDeploymentPostprocessing = 0;
		};
		6C261DA2200E205900AA9691 /* Resources */ = {
			isa = PBXResourcesBuildPhase;
			buildActionMask = 2147483647;
			files = (
			);
			runOnlyForDeploymentPostprocessing = 0;
		};
		6C261DAD200E205900AA9691 /* Resources */ = {
			isa = PBXResourcesBuildPhase;
			buildActionMask = 2147483647;
			files = (
			);
			runOnlyForDeploymentPostprocessing = 0;
		};
/* End PBXResourcesBuildPhase section */

/* Begin PBXSourcesBuildPhase section */
		6C261D8C200E205900AA9691 /* Sources */ = {
			isa = PBXSourcesBuildPhase;
			buildActionMask = 2147483647;
			files = (
				6C261DC2200E208700AA9691 /* Tweet.swift in Sources */,
				6C261D96200E205900AA9691 /* ViewController.swift in Sources */,
				6C261D94200E205900AA9691 /* AppDelegate.swift in Sources */,
				6C261DC8200E212E00AA9691 /* Helper.swift in Sources */,
			);
			runOnlyForDeploymentPostprocessing = 0;
		};
		6C261DA0200E205900AA9691 /* Sources */ = {
			isa = PBXSourcesBuildPhase;
			buildActionMask = 2147483647;
			files = (
				6C261DA9200E205900AA9691 /* SwiftDemo2Tests.swift in Sources */,
			);
			runOnlyForDeploymentPostprocessing = 0;
		};
		6C261DAB200E205900AA9691 /* Sources */ = {
			isa = PBXSourcesBuildPhase;
			buildActionMask = 2147483647;
			files = (
				6C261DB4200E205900AA9691 /* SwiftDemo2UITests.swift in Sources */,
			);
			runOnlyForDeploymentPostprocessing = 0;
		};
/* End PBXSourcesBuildPhase section */

/* Begin PBXTargetDependency section */
		6C261DA6200E205900AA9691 /* PBXTargetDependency */ = {
			isa = PBXTargetDependency;
			target = 6C261D8F200E205900AA9691 /* SwiftDemo2 */;
			targetProxy = 6C261DA5200E205900AA9691 /* PBXContainerItemProxy */;
		};
		6C261DB1200E205900AA9691 /* PBXTargetDependency */ = {
			isa = PBXTargetDependency;
			target = 6C261D8F200E205900AA9691 /* SwiftDemo2 */;
			targetProxy = 6C261DB0200E205900AA9691 /* PBXContainerItemProxy */;
		};
/* End PBXTargetDependency section */

/* Begin PBXVariantGroup section */
		6C261D97200E205900AA9691 /* Main.storyboard */ = {
			isa = PBXVariantGroup;
			children = (
				6C261D98200E205900AA9691 /* Base */,
			);
			name = Main.storyboard;
			sourceTree = "<group>";
		};
		6C261D9C200E205900AA9691 /* LaunchScreen.storyboard */ = {
			isa = PBXVariantGroup;
			children = (
				6C261D9D200E205900AA9691 /* Base */,
			);
			name = LaunchScreen.storyboard;
			sourceTree = "<group>";
		};
/* End PBXVariantGroup section */

/* Begin XCBuildConfiguration section */
		6C261DB6200E205900AA9691 /* Debug */ = {
			isa = XCBuildConfiguration;
			buildSettings = {
				ALWAYS_SEARCH_USER_PATHS = NO;
				CLANG_ANALYZER_NONNULL = YES;
				CLANG_ANALYZER_NUMBER_OBJECT_CONVERSION = YES_AGGRESSIVE;
				CLANG_CXX_LANGUAGE_STANDARD = "gnu++0x";
				CLANG_CXX_LIBRARY = "libc++";
				CLANG_ENABLE_MODULES = YES;
				CLANG_ENABLE_OBJC_ARC = YES;
				CLANG_WARN_BOOL_CONVERSION = YES;
				CLANG_WARN_CONSTANT_CONVERSION = YES;
				CLANG_WARN_DIRECT_OBJC_ISA_USAGE = YES_ERROR;
				CLANG_WARN_DOCUMENTATION_COMMENTS = YES;
				CLANG_WARN_EMPTY_BODY = YES;
				CLANG_WARN_ENUM_CONVERSION = YES;
				CLANG_WARN_INFINITE_RECURSION = YES;
				CLANG_WARN_INT_CONVERSION = YES;
				CLANG_WARN_OBJC_ROOT_CLASS = YES_ERROR;
				CLANG_WARN_SUSPICIOUS_MOVE = YES;
				CLANG_WARN_UNREACHABLE_CODE = YES;
				CLANG_WARN__DUPLICATE_METHOD_MATCH = YES;
				"CODE_SIGN_IDENTITY[sdk=iphoneos*]" = "iPhone Developer";
				COPY_PHASE_STRIP = NO;
				DEBUG_INFORMATION_FORMAT = dwarf;
				ENABLE_STRICT_OBJC_MSGSEND = YES;
				ENABLE_TESTABILITY = YES;
				GCC_C_LANGUAGE_STANDARD = gnu99;
				GCC_DYNAMIC_NO_PIC = NO;
				GCC_NO_COMMON_BLOCKS = YES;
				GCC_OPTIMIZATION_LEVEL = 0;
				GCC_PREPROCESSOR_DEFINITIONS = (
					"DEBUG=1",
					"$(inherited)",
				);
				GCC_WARN_64_TO_32_BIT_CONVERSION = YES;
				GCC_WARN_ABOUT_RETURN_TYPE = YES_ERROR;
				GCC_WARN_UNDECLARED_SELECTOR = YES;
				GCC_WARN_UNINITIALIZED_AUTOS = YES_AGGRESSIVE;
				GCC_WARN_UNUSED_FUNCTION = YES;
				GCC_WARN_UNUSED_VARIABLE = YES;
				IPHONEOS_DEPLOYMENT_TARGET = 10.3;
				MTL_ENABLE_DEBUG_INFO = YES;
				ONLY_ACTIVE_ARCH = YES;
				SDKROOT = iphoneos;
				SWIFT_ACTIVE_COMPILATION_CONDITIONS = DEBUG;
				SWIFT_OPTIMIZATION_LEVEL = "-Onone";
			};
			name = Debug;
		};
		6C261DB7200E205900AA9691 /* Release */ = {
			isa = XCBuildConfiguration;
			buildSettings = {
				ALWAYS_SEARCH_USER_PATHS = NO;
				CLANG_ANALYZER_NONNULL = YES;
				CLANG_ANALYZER_NUMBER_OBJECT_CONVERSION = YES_AGGRESSIVE;
				CLANG_CXX_LANGUAGE_STANDARD = "gnu++0x";
				CLANG_CXX_LIBRARY = "libc++";
				CLANG_ENABLE_MODULES = YES;
				CLANG_ENABLE_OBJC_ARC = YES;
				CLANG_WARN_BOOL_CONVERSION = YES;
				CLANG_WARN_CONSTANT_CONVERSION = YES;
				CLANG_WARN_DIRECT_OBJC_ISA_USAGE = YES_ERROR;
				CLANG_WARN_DOCUMENTATION_COMMENTS = YES;
				CLANG_WARN_EMPTY_BODY = YES;
				CLANG_WARN_ENUM_CONVERSION = YES;
				CLANG_WARN_INFINITE_RECURSION = YES;
				CLANG_WARN_INT_CONVERSION = YES;
				CLANG_WARN_OBJC_ROOT_CLASS = YES_ERROR;
				CLANG_WARN_SUSPICIOUS_MOVE = YES;
				CLANG_WARN_UNREACHABLE_CODE = YES;
				CLANG_WARN__DUPLICATE_METHOD_MATCH = YES;
				"CODE_SIGN_IDENTITY[sdk=iphoneos*]" = "iPhone Developer";
				COPY_PHASE_STRIP = NO;
				DEBUG_INFORMATION_FORMAT = "dwarf-with-dsym";
				ENABLE_NS_ASSERTIONS = NO;
				ENABLE_STRICT_OBJC_MSGSEND = YES;
				GCC_C_LANGUAGE_STANDARD = gnu99;
				GCC_NO_COMMON_BLOCKS = YES;
				GCC_WARN_64_TO_32_BIT_CONVERSION = YES;
				GCC_WARN_ABOUT_RETURN_TYPE = YES_ERROR;
				GCC_WARN_UNDECLARED_SELECTOR = YES;
				GCC_WARN_UNINITIALIZED_AUTOS = YES_AGGRESSIVE;
				GCC_WARN_UNUSED_FUNCTION = YES;
				GCC_WARN_UNUSED_VARIABLE = YES;
				IPHONEOS_DEPLOYMENT_TARGET = 10.3;
				MTL_ENABLE_DEBUG_INFO = NO;
				SDKROOT = iphoneos;
				SWIFT_OPTIMIZATION_LEVEL = "-Owholemodule";
				VALIDATE_PRODUCT = YES;
			};
			name = Release;
		};
		6C261DB9200E205900AA9691 /* Debug */ = {
			isa = XCBuildConfiguration;
			buildSettings = {
				ASSETCATALOG_COMPILER_APPICON_NAME = AppIcon;
				DEVELOPMENT_TEAM = FUM9FP898F;
				INFOPLIST_FILE = SwiftDemo2/Info.plist;
				LD_RUNPATH_SEARCH_PATHS = "$(inherited) @executable_path/Frameworks";
				PRODUCT_BUNDLE_IDENTIFIER = com.mandb.chirs.SwiftDemo2;
				PRODUCT_NAME = "$(TARGET_NAME)";
				SWIFT_VERSION = 3.0;
			};
			name = Debug;
		};
		6C261DBA200E205900AA9691 /* Release */ = {
			isa = XCBuildConfiguration;
			buildSettings = {
				ASSETCATALOG_COMPILER_APPICON_NAME = AppIcon;
				DEVELOPMENT_TEAM = FUM9FP898F;
				INFOPLIST_FILE = SwiftDemo2/Info.plist;
				LD_RUNPATH_SEARCH_PATHS = "$(inherited) @executable_path/Frameworks";
				PRODUCT_BUNDLE_IDENTIFIER = com.mandb.chirs.SwiftDemo2;
				PRODUCT_NAME = "$(TARGET_NAME)";
				SWIFT_VERSION = 3.0;
			};
			name = Release;
		};
		6C261DBC200E205900AA9691 /* Debug */ = {
			isa = XCBuildConfiguration;
			buildSettings = {
				ALWAYS_EMBED_SWIFT_STANDARD_LIBRARIES = YES;
				BUNDLE_LOADER = "$(TEST_HOST)";
				INFOPLIST_FILE = SwiftDemo2Tests/Info.plist;
				LD_RUNPATH_SEARCH_PATHS = "$(inherited) @executable_path/Frameworks @loader_path/Frameworks";
				PRODUCT_BUNDLE_IDENTIFIER = com.mandb.chirs.SwiftDemo2Tests;
				PRODUCT_NAME = "$(TARGET_NAME)";
				SWIFT_VERSION = 3.0;
				TEST_HOST = "$(BUILT_PRODUCTS_DIR)/SwiftDemo2.app/SwiftDemo2";
			};
			name = Debug;
		};
		6C261DBD200E205900AA9691 /* Release */ = {
			isa = XCBuildConfiguration;
			buildSettings = {
				ALWAYS_EMBED_SWIFT_STANDARD_LIBRARIES = YES;
				BUNDLE_LOADER = "$(TEST_HOST)";
				INFOPLIST_FILE = SwiftDemo2Tests/Info.plist;
				LD_RUNPATH_SEARCH_PATHS = "$(inherited) @executable_path/Frameworks @loader_path/Frameworks";
				PRODUCT_BUNDLE_IDENTIFIER = com.mandb.chirs.SwiftDemo2Tests;
				PRODUCT_NAME = "$(TARGET_NAME)";
				SWIFT_VERSION = 3.0;
				TEST_HOST = "$(BUILT_PRODUCTS_DIR)/SwiftDemo2.app/SwiftDemo2";
			};
			name = Release;
		};
		6C261DBF200E205900AA9691 /* Debug */ = {
			isa = XCBuildConfiguration;
			buildSettings = {
				ALWAYS_EMBED_SWIFT_STANDARD_LIBRARIES = YES;
				INFOPLIST_FILE = SwiftDemo2UITests/Info.plist;
				LD_RUNPATH_SEARCH_PATHS = "$(inherited) @executable_path/Frameworks @loader_path/Frameworks";
				PRODUCT_BUNDLE_IDENTIFIER = com.mandb.chirs.SwiftDemo2UITests;
				PRODUCT_NAME = "$(TARGET_NAME)";
				SWIFT_VERSION = 3.0;
				TEST_TARGET_NAME = SwiftDemo2;
			};
			name = Debug;
		};
		6C261DC0200E205900AA9691 /* Release */ = {
			isa = XCBuildConfiguration;
			buildSettings = {
				ALWAYS_EMBED_SWIFT_STANDARD_LIBRARIES = YES;
				INFOPLIST_FILE = SwiftDemo2UITests/Info.plist;
				LD_RUNPATH_SEARCH_PATHS = "$(inherited) @executable_path/Frameworks @loader_path/Frameworks";
				PRODUCT_BUNDLE_IDENTIFIER = com.mandb.chirs.SwiftDemo2UITests;
				PRODUCT_NAME = "$(TARGET_NAME)";
				SWIFT_VERSION = 3.0;
				TEST_TARGET_NAME = SwiftDemo2;
			};
			name = Release;
		};
/* End XCBuildConfiguration section */

/* Begin XCConfigurationList section */
		6C261D8B200E205900AA9691 /* Build configuration list for PBXProject "SwiftDemo2" */ = {
			isa = XCConfigurationList;
			buildConfigurations = (
				6C261DB6200E205900AA9691 /* Debug */,
				6C261DB7200E205900AA9691 /* Release */,
			);
			defaultConfigurationIsVisible = 0;
			defaultConfigurationName = Release;
		};
		6C261DB8200E205900AA9691 /* Build configuration list for PBXNativeTarget "SwiftDemo2" */ = {
			isa = XCConfigurationList;
			buildConfigurations = (
				6C261DB9200E205900AA9691 /* Debug */,
				6C261DBA200E205900AA9691 /* Release */,
			);
			defaultConfigurationIsVisible = 0;
		};
		6C261DBB200E205900AA9691 /* Build configuration list for PBXNativeTarget "SwiftDemo2Tests" */ = {
			isa = XCConfigurationList;
			buildConfigurations = (
				6C261DBC200E205900AA9691 /* Debug */,
				6C261DBD200E205900AA9691 /* Release */,
			);
			defaultConfigurationIsVisible = 0;
		};
		6C261DBE200E205900AA9691 /* Build configuration list for PBXNativeTarget "SwiftDemo2UITests" */ = {
			isa = XCConfigurationList;
			buildConfigurations = (
				6C261DBF200E205900AA9691 /* Debug */,
				6C261DC0200E205900AA9691 /* Release */,
			);
			defaultConfigurationIsVisible = 0;
		};
/* End XCConfigurationList section */
	};
	rootObject = 6C261D88200E205900AA9691 /* Project object */;
}
